
Microsoft Visual Studio Solution File, Format Version 12.00
# Visual Studio Version 16
VisualStudioVersion = 16.0.29709.97
MinimumVisualStudioVersion = 10.0.40219.1
Project("{FAE04EC0-301F-11D3-BF4B-00C04F79EFBC}") = "SortingFilteringPaging", "SortingFilteringPaging\SortingFilteringPaging.csproj", "{9B23A326-677B-4E76-81B5-F8D2AB82BB86}"
EndProject
Global
	GlobalSection(SolutionConfigurationPlatforms) = preSolution
		Debug|Any CPU = Debug|Any CPU
		Release|Any CPU = Release|Any CPU
	EndGlobalSection
	GlobalSection(ProjectConfigurationPlatforms) = postSolution
		{9B23A326-677B-4E76-81B5-F8D2AB82BB86}.Debug|Any CPU.ActiveCfg = Debug|Any CPU
		{9B23A326-677B-4E76-81B5-F8D2AB82BB86}.Debug|Any CPU.Build.0 = Debug|Any CPU
		{9B23A326-677B-4E76-81B5-F8D2AB82BB86}.Release|Any CPU.ActiveCfg = Release|Any CPU
		{9B23A326-677B-4E76-81B5-F8D2AB82BB86}.Release|Any CPU.Build.0 = Release|Any CPU
	EndGlobalSection
	GlobalSection(SolutionProperties) = preSolution
		HideSolutionNode = FALSE
	EndGlobalSection
	GlobalSection(ExtensibilityGlobals) = postSolution
		SolutionGuid = {3C5AA83F-905E-459A-9CE5-34AB2C912308}
	EndGlobalSection
EndGlobal
